// !$*UTF8*$!
{
	archiveVersion = 1;
	classes = {
	};
	objectVersion = 56;
	objects = {

/* Begin PBXBuildFile section */
		D08122BA29B88DFD00CA5664 /* StationInfo.swift in Sources */ = {isa = PBXBuildFile; fileRef = D08122B929B88DFD00CA5664 /* StationInfo.swift */; };
		D081233729C0DA5800CA5664 /* RxCocoa in Frameworks */ = {isa = PBXBuildFile; productRef = D081233629C0DA5800CA5664 /* RxCocoa */; };
		D081233929C0DA5800CA5664 /* RxSwift in Frameworks */ = {isa = PBXBuildFile; productRef = D081233829C0DA5800CA5664 /* RxSwift */; };
		D081237629C1E5C000CA5664 /* PublicTransitPoi.swift in Sources */ = {isa = PBXBuildFile; fileRef = D081237529C1E5C000CA5664 /* PublicTransitPoi.swift */; };
		D081237829C1EB3300CA5664 /* PublicTransitPoiDTO.swift in Sources */ = {isa = PBXBuildFile; fileRef = D081237729C1EB3300CA5664 /* PublicTransitPoiDTO.swift */; };
		D081668D29A77CA700A67C1C /* AppDelegate.swift in Sources */ = {isa = PBXBuildFile; fileRef = D081668C29A77CA700A67C1C /* AppDelegate.swift */; };
		D081668F29A77CA700A67C1C /* SceneDelegate.swift in Sources */ = {isa = PBXBuildFile; fileRef = D081668E29A77CA700A67C1C /* SceneDelegate.swift */; };
		D081669129A77CA700A67C1C /* SubwayViewController.swift in Sources */ = {isa = PBXBuildFile; fileRef = D081669029A77CA700A67C1C /* SubwayViewController.swift */; };
		D081669629A77CA900A67C1C /* Assets.xcassets in Resources */ = {isa = PBXBuildFile; fileRef = D081669529A77CA900A67C1C /* Assets.xcassets */; };
		D081669929A77CA900A67C1C /* LaunchScreen.storyboard in Resources */ = {isa = PBXBuildFile; fileRef = D081669729A77CA900A67C1C /* LaunchScreen.storyboard */; };
		D08166A929A78A3100A67C1C /* SubwayViewModel.swift in Sources */ = {isa = PBXBuildFile; fileRef = D08166A829A78A3100A67C1C /* SubwayViewModel.swift */; };
		D08166AD29A78BF300A67C1C /* CustomTabBarController.swift in Sources */ = {isa = PBXBuildFile; fileRef = D08166AC29A78BF300A67C1C /* CustomTabBarController.swift */; };
		D08166B129A78E7100A67C1C /* BusViewController.swift in Sources */ = {isa = PBXBuildFile; fileRef = D08166B029A78E7100A67C1C /* BusViewController.swift */; };
		D08166B329A78E7B00A67C1C /* BusViewModel.swift in Sources */ = {isa = PBXBuildFile; fileRef = D08166B229A78E7B00A67C1C /* BusViewModel.swift */; };
		D08166B529A793C600A67C1C /* NetworkManager.swift in Sources */ = {isa = PBXBuildFile; fileRef = D08166B429A793C600A67C1C /* NetworkManager.swift */; };
		D08166B929A7973400A67C1C /* HTTPMethod.swift in Sources */ = {isa = PBXBuildFile; fileRef = D08166B829A7973400A67C1C /* HTTPMethod.swift */; };
		D08166BB29A7978C00A67C1C /* Request.swift in Sources */ = {isa = PBXBuildFile; fileRef = D08166BA29A7978C00A67C1C /* Request.swift */; };
		D08166BD29A79A7900A67C1C /* SubwayRouteSearch.swift in Sources */ = {isa = PBXBuildFile; fileRef = D08166BC29A79A7900A67C1C /* SubwayRouteSearch.swift */; };
		D08166BF29A79B0D00A67C1C /* SubwayRouteSearchDTO.swift in Sources */ = {isa = PBXBuildFile; fileRef = D08166BE29A79B0D00A67C1C /* SubwayRouteSearchDTO.swift */; };
		D08166C129A79DC400A67C1C /* RequestError.swift in Sources */ = {isa = PBXBuildFile; fileRef = D08166C029A79DC400A67C1C /* RequestError.swift */; };
		D08166CA29A7A4C700A67C1C /* JSONParsingTests.swift in Sources */ = {isa = PBXBuildFile; fileRef = D08166C929A7A4C700A67C1C /* JSONParsingTests.swift */; };
		D08166D229A7A66F00A67C1C /* JSONDecoder +.swift in Sources */ = {isa = PBXBuildFile; fileRef = D08166D129A7A66F00A67C1C /* JSONDecoder +.swift */; };
		D081681929AF78ED00A67C1C /* NetworkError.swift in Sources */ = {isa = PBXBuildFile; fileRef = D081681829AF78ED00A67C1C /* NetworkError.swift */; };
		D081681B29AF7E6800A67C1C /* JSONError.swift in Sources */ = {isa = PBXBuildFile; fileRef = D081681A29AF7E6800A67C1C /* JSONError.swift */; };
		D081681E29AF82AF00A67C1C /* SubwayService.swift in Sources */ = {isa = PBXBuildFile; fileRef = D081681D29AF82AF00A67C1C /* SubwayService.swift */; };
		D08316EF29C36FA900E86676 /* RealtimeStationArrival.swift in Sources */ = {isa = PBXBuildFile; fileRef = D08316EE29C36FA900E86676 /* RealtimeStationArrival.swift */; };
		D08316F129C370A400E86676 /* RealTimeStationArrivalDTO.swift in Sources */ = {isa = PBXBuildFile; fileRef = D08316F029C370A400E86676 /* RealTimeStationArrivalDTO.swift */; };
		D08316F329C3736F00E86676 /* ServiceEnum.swift in Sources */ = {isa = PBXBuildFile; fileRef = D08316F229C3736F00E86676 /* ServiceEnum.swift */; };
		D08316F629C6D65400E86676 /* MapViewController.swift in Sources */ = {isa = PBXBuildFile; fileRef = D08316F529C6D65400E86676 /* MapViewController.swift */; };
		D08316FA29C6E3B700E86676 /* SearchListViewController.swift in Sources */ = {isa = PBXBuildFile; fileRef = D08316F929C6E3B700E86676 /* SearchListViewController.swift */; };
		D08316FC29C74AE400E86676 /* SearchListTableViewCell.swift in Sources */ = {isa = PBXBuildFile; fileRef = D08316FB29C74AE400E86676 /* SearchListTableViewCell.swift */; };
		D0FE2BF729B4CA69001C83F7 /* ListViewController.swift in Sources */ = {isa = PBXBuildFile; fileRef = D0FE2BF629B4CA69001C83F7 /* ListViewController.swift */; };
		D0FE2BF929B4CA73001C83F7 /* ListViewModel.swift in Sources */ = {isa = PBXBuildFile; fileRef = D0FE2BF829B4CA73001C83F7 /* ListViewModel.swift */; };
		D0FE2BFB29B4CADA001C83F7 /* ListTableViewCell.swift in Sources */ = {isa = PBXBuildFile; fileRef = D0FE2BFA29B4CADA001C83F7 /* ListTableViewCell.swift */; };
		D0FE2C0229B4CB48001C83F7 /* RxCocoa in Frameworks */ = {isa = PBXBuildFile; productRef = D0FE2C0129B4CB48001C83F7 /* RxCocoa */; };
		D0FE2C0A29B4CB48001C83F7 /* RxSwift in Frameworks */ = {isa = PBXBuildFile; productRef = D0FE2C0929B4CB48001C83F7 /* RxSwift */; };
		D0FE2C1A29B4CE28001C83F7 /* Identifiable.swift in Sources */ = {isa = PBXBuildFile; fileRef = D0FE2C1929B4CE28001C83F7 /* Identifiable.swift */; };
/* End PBXBuildFile section */

/* Begin PBXContainerItemProxy section */
		D08166CB29A7A4C700A67C1C /* PBXContainerItemProxy */ = {
			isa = PBXContainerItemProxy;
			containerPortal = D081668129A77CA700A67C1C /* Project object */;
			proxyType = 1;
			remoteGlobalIDString = D081668829A77CA700A67C1C;
			remoteInfo = PublicTransportAlram;
		};
/* End PBXContainerItemProxy section */

/* Begin PBXCopyFilesBuildPhase section */
		D0FE2C1529B4CD1A001C83F7 /* Embed Frameworks */ = {
			isa = PBXCopyFilesBuildPhase;
			buildActionMask = 2147483647;
			dstPath = "";
			dstSubfolderSpec = 10;
			files = (
			);
			name = "Embed Frameworks";
			runOnlyForDeploymentPostprocessing = 0;
		};
/* End PBXCopyFilesBuildPhase section */

/* Begin PBXFileReference section */
		D08122B929B88DFD00CA5664 /* StationInfo.swift */ = {isa = PBXFileReference; lastKnownFileType = sourcecode.swift; path = StationInfo.swift; sourceTree = "<group>"; };
		D081237529C1E5C000CA5664 /* PublicTransitPoi.swift */ = {isa = PBXFileReference; lastKnownFileType = sourcecode.swift; path = PublicTransitPoi.swift; sourceTree = "<group>"; };
		D081237729C1EB3300CA5664 /* PublicTransitPoiDTO.swift */ = {isa = PBXFileReference; lastKnownFileType = sourcecode.swift; path = PublicTransitPoiDTO.swift; sourceTree = "<group>"; };
		D081668929A77CA700A67C1C /* PublicTransportAlram.app */ = {isa = PBXFileReference; explicitFileType = wrapper.application; includeInIndex = 0; path = PublicTransportAlram.app; sourceTree = BUILT_PRODUCTS_DIR; };
		D081668C29A77CA700A67C1C /* AppDelegate.swift */ = {isa = PBXFileReference; lastKnownFileType = sourcecode.swift; path = AppDelegate.swift; sourceTree = "<group>"; };
		D081668E29A77CA700A67C1C /* SceneDelegate.swift */ = {isa = PBXFileReference; lastKnownFileType = sourcecode.swift; path = SceneDelegate.swift; sourceTree = "<group>"; };
		D081669029A77CA700A67C1C /* SubwayViewController.swift */ = {isa = PBXFileReference; lastKnownFileType = sourcecode.swift; path = SubwayViewController.swift; sourceTree = "<group>"; };
		D081669529A77CA900A67C1C /* Assets.xcassets */ = {isa = PBXFileReference; lastKnownFileType = folder.assetcatalog; path = Assets.xcassets; sourceTree = "<group>"; };
		D081669829A77CA900A67C1C /* Base */ = {isa = PBXFileReference; lastKnownFileType = file.storyboard; name = Base; path = Base.lproj/LaunchScreen.storyboard; sourceTree = "<group>"; };
		D081669A29A77CA900A67C1C /* Info.plist */ = {isa = PBXFileReference; lastKnownFileType = text.plist.xml; path = Info.plist; sourceTree = "<group>"; };
		D08166A829A78A3100A67C1C /* SubwayViewModel.swift */ = {isa = PBXFileReference; lastKnownFileType = sourcecode.swift; path = SubwayViewModel.swift; sourceTree = "<group>"; };
		D08166AC29A78BF300A67C1C /* CustomTabBarController.swift */ = {isa = PBXFileReference; lastKnownFileType = sourcecode.swift; path = CustomTabBarController.swift; sourceTree = "<group>"; };
		D08166B029A78E7100A67C1C /* BusViewController.swift */ = {isa = PBXFileReference; lastKnownFileType = sourcecode.swift; path = BusViewController.swift; sourceTree = "<group>"; };
		D08166B229A78E7B00A67C1C /* BusViewModel.swift */ = {isa = PBXFileReference; lastKnownFileType = sourcecode.swift; path = BusViewModel.swift; sourceTree = "<group>"; };
		D08166B429A793C600A67C1C /* NetworkManager.swift */ = {isa = PBXFileReference; lastKnownFileType = sourcecode.swift; path = NetworkManager.swift; sourceTree = "<group>"; };
		D08166B829A7973400A67C1C /* HTTPMethod.swift */ = {isa = PBXFileReference; lastKnownFileType = sourcecode.swift; path = HTTPMethod.swift; sourceTree = "<group>"; };
		D08166BA29A7978C00A67C1C /* Request.swift */ = {isa = PBXFileReference; lastKnownFileType = sourcecode.swift; path = Request.swift; sourceTree = "<group>"; };
		D08166BC29A79A7900A67C1C /* SubwayRouteSearch.swift */ = {isa = PBXFileReference; lastKnownFileType = sourcecode.swift; path = SubwayRouteSearch.swift; sourceTree = "<group>"; };
		D08166BE29A79B0D00A67C1C /* SubwayRouteSearchDTO.swift */ = {isa = PBXFileReference; lastKnownFileType = sourcecode.swift; path = SubwayRouteSearchDTO.swift; sourceTree = "<group>"; };
		D08166C029A79DC400A67C1C /* RequestError.swift */ = {isa = PBXFileReference; lastKnownFileType = sourcecode.swift; path = RequestError.swift; sourceTree = "<group>"; };
		D08166C729A7A4C700A67C1C /* JSONParsingTests.xctest */ = {isa = PBXFileReference; explicitFileType = wrapper.cfbundle; includeInIndex = 0; path = JSONParsingTests.xctest; sourceTree = BUILT_PRODUCTS_DIR; };
		D08166C929A7A4C700A67C1C /* JSONParsingTests.swift */ = {isa = PBXFileReference; lastKnownFileType = sourcecode.swift; path = JSONParsingTests.swift; sourceTree = "<group>"; };
		D08166D129A7A66F00A67C1C /* JSONDecoder +.swift */ = {isa = PBXFileReference; lastKnownFileType = sourcecode.swift; path = "JSONDecoder +.swift"; sourceTree = "<group>"; };
		D081681829AF78ED00A67C1C /* NetworkError.swift */ = {isa = PBXFileReference; lastKnownFileType = sourcecode.swift; path = NetworkError.swift; sourceTree = "<group>"; };
		D081681A29AF7E6800A67C1C /* JSONError.swift */ = {isa = PBXFileReference; lastKnownFileType = sourcecode.swift; path = JSONError.swift; sourceTree = "<group>"; };
		D081681D29AF82AF00A67C1C /* SubwayService.swift */ = {isa = PBXFileReference; lastKnownFileType = sourcecode.swift; path = SubwayService.swift; sourceTree = "<group>"; };
		D08316EE29C36FA900E86676 /* RealtimeStationArrival.swift */ = {isa = PBXFileReference; lastKnownFileType = sourcecode.swift; path = RealtimeStationArrival.swift; sourceTree = "<group>"; };
		D08316F029C370A400E86676 /* RealTimeStationArrivalDTO.swift */ = {isa = PBXFileReference; lastKnownFileType = sourcecode.swift; path = RealTimeStationArrivalDTO.swift; sourceTree = "<group>"; };
		D08316F229C3736F00E86676 /* ServiceEnum.swift */ = {isa = PBXFileReference; lastKnownFileType = sourcecode.swift; path = ServiceEnum.swift; sourceTree = "<group>"; };
		D08316F529C6D65400E86676 /* MapViewController.swift */ = {isa = PBXFileReference; lastKnownFileType = sourcecode.swift; path = MapViewController.swift; sourceTree = "<group>"; };
		D08316F929C6E3B700E86676 /* SearchListViewController.swift */ = {isa = PBXFileReference; lastKnownFileType = sourcecode.swift; path = SearchListViewController.swift; sourceTree = "<group>"; };
		D08316FB29C74AE400E86676 /* SearchListTableViewCell.swift */ = {isa = PBXFileReference; lastKnownFileType = sourcecode.swift; path = SearchListTableViewCell.swift; sourceTree = "<group>"; };
		D0FE2BF629B4CA69001C83F7 /* ListViewController.swift */ = {isa = PBXFileReference; lastKnownFileType = sourcecode.swift; path = ListViewController.swift; sourceTree = "<group>"; };
		D0FE2BF829B4CA73001C83F7 /* ListViewModel.swift */ = {isa = PBXFileReference; lastKnownFileType = sourcecode.swift; path = ListViewModel.swift; sourceTree = "<group>"; };
		D0FE2BFA29B4CADA001C83F7 /* ListTableViewCell.swift */ = {isa = PBXFileReference; lastKnownFileType = sourcecode.swift; path = ListTableViewCell.swift; sourceTree = "<group>"; };
		D0FE2C1929B4CE28001C83F7 /* Identifiable.swift */ = {isa = PBXFileReference; lastKnownFileType = sourcecode.swift; path = Identifiable.swift; sourceTree = "<group>"; };
/* End PBXFileReference section */

/* Begin PBXFrameworksBuildPhase section */
		D081668629A77CA700A67C1C /* Frameworks */ = {
			isa = PBXFrameworksBuildPhase;
			buildActionMask = 2147483647;
			files = (
				D0FE2C0229B4CB48001C83F7 /* RxCocoa in Frameworks */,
				D0FE2C0A29B4CB48001C83F7 /* RxSwift in Frameworks */,
			);
			runOnlyForDeploymentPostprocessing = 0;
		};
		D08166C429A7A4C700A67C1C /* Frameworks */ = {
			isa = PBXFrameworksBuildPhase;
			buildActionMask = 2147483647;
			files = (
				D081233929C0DA5800CA5664 /* RxSwift in Frameworks */,
				D081233729C0DA5800CA5664 /* RxCocoa in Frameworks */,
			);
			runOnlyForDeploymentPostprocessing = 0;
		};
/* End PBXFrameworksBuildPhase section */

/* Begin PBXGroup section */
		D081668029A77CA700A67C1C = {
			isa = PBXGroup;
			children = (
				D081668B29A77CA700A67C1C /* PublicTransportAlram */,
				D08166C829A7A4C700A67C1C /* JSONParsingTests */,
				D081668A29A77CA700A67C1C /* Products */,
				D0FE2C1129B4CD1A001C83F7 /* Frameworks */,
			);
			sourceTree = "<group>";
		};
		D081668A29A77CA700A67C1C /* Products */ = {
			isa = PBXGroup;
			children = (
				D081668929A77CA700A67C1C /* PublicTransportAlram.app */,
				D08166C729A7A4C700A67C1C /* JSONParsingTests.xctest */,
			);
			name = Products;
			sourceTree = "<group>";
		};
		D081668B29A77CA700A67C1C /* PublicTransportAlram */ = {
			isa = PBXGroup;
			children = (
				D08166A129A77DBC00A67C1C /* Source */,
				D08166A029A77DB300A67C1C /* Resource */,
				D081669A29A77CA900A67C1C /* Info.plist */,
			);
			path = PublicTransportAlram;
			sourceTree = "<group>";
		};
		D08166A029A77DB300A67C1C /* Resource */ = {
			isa = PBXGroup;
			children = (
				D081669529A77CA900A67C1C /* Assets.xcassets */,
				D081669729A77CA900A67C1C /* LaunchScreen.storyboard */,
			);
			path = Resource;
			sourceTree = "<group>";
		};
		D08166A129A77DBC00A67C1C /* Source */ = {
			isa = PBXGroup;
			children = (
				D08166A429A77DD100A67C1C /* App */,
				D081681729AF78E100A67C1C /* Error */,
				D08166A229A77DC100A67C1C /* Model */,
				D08166A329A77DC500A67C1C /* Presentation */,
			);
			path = Source;
			sourceTree = "<group>";
		};
		D08166A229A77DC100A67C1C /* Model */ = {
			isa = PBXGroup;
			children = (
				D0FE2C1B29B4EEC2001C83F7 /* Protocol */,
				D08166D029A7A65200A67C1C /* Extension */,
				D08166C229A79DF500A67C1C /* Network */,
				D081681629AF787600A67C1C /* DTO */,
			);
			path = Model;
			sourceTree = "<group>";
		};
		D08166A329A77DC500A67C1C /* Presentation */ = {
			isa = PBXGroup;
			children = (
				D08166A629A78A1400A67C1C /* TabBar */,
			);
			path = Presentation;
			sourceTree = "<group>";
		};
		D08166A429A77DD100A67C1C /* App */ = {
			isa = PBXGroup;
			children = (
				D081668C29A77CA700A67C1C /* AppDelegate.swift */,
				D081668E29A77CA700A67C1C /* SceneDelegate.swift */,
			);
			path = App;
			sourceTree = "<group>";
		};
		D08166A629A78A1400A67C1C /* TabBar */ = {
			isa = PBXGroup;
			children = (
				D08166AC29A78BF300A67C1C /* CustomTabBarController.swift */,
				D08316F429C6D60B00E86676 /* Map */,
				D08316F829C6E38100E86676 /* SearchList */,
				D08166A729A78A1A00A67C1C /* Subway */,
				D08166AF29A78D4600A67C1C /* Bus */,
				D0FE2BF529B4CA31001C83F7 /* List */,
			);
			path = TabBar;
			sourceTree = "<group>";
		};
		D08166A729A78A1A00A67C1C /* Subway */ = {
			isa = PBXGroup;
			children = (
				D081669029A77CA700A67C1C /* SubwayViewController.swift */,
				D08166A829A78A3100A67C1C /* SubwayViewModel.swift */,
			);
			path = Subway;
			sourceTree = "<group>";
		};
		D08166AF29A78D4600A67C1C /* Bus */ = {
			isa = PBXGroup;
			children = (
				D08166B029A78E7100A67C1C /* BusViewController.swift */,
				D08166B229A78E7B00A67C1C /* BusViewModel.swift */,
			);
			path = Bus;
			sourceTree = "<group>";
		};
		D08166C229A79DF500A67C1C /* Network */ = {
			isa = PBXGroup;
			children = (
				D08166B429A793C600A67C1C /* NetworkManager.swift */,
				D08166BA29A7978C00A67C1C /* Request.swift */,
				D08166B829A7973400A67C1C /* HTTPMethod.swift */,
				D081681C29AF827600A67C1C /* Subway */,
			);
			path = Network;
			sourceTree = "<group>";
		};
		D08166C829A7A4C700A67C1C /* JSONParsingTests */ = {
			isa = PBXGroup;
			children = (
				D08166C929A7A4C700A67C1C /* JSONParsingTests.swift */,
			);
			path = JSONParsingTests;
			sourceTree = "<group>";
		};
		D08166D029A7A65200A67C1C /* Extension */ = {
			isa = PBXGroup;
			children = (
				D08166D129A7A66F00A67C1C /* JSONDecoder +.swift */,
			);
			path = Extension;
			sourceTree = "<group>";
		};
		D081681629AF787600A67C1C /* DTO */ = {
			isa = PBXGroup;
			children = (
				D08166BE29A79B0D00A67C1C /* SubwayRouteSearchDTO.swift */,
				D081237729C1EB3300CA5664 /* PublicTransitPoiDTO.swift */,
				D08316F029C370A400E86676 /* RealTimeStationArrivalDTO.swift */,
				D08122B929B88DFD00CA5664 /* StationInfo.swift */,
			);
			path = DTO;
			sourceTree = "<group>";
		};
		D081681729AF78E100A67C1C /* Error */ = {
			isa = PBXGroup;
			children = (
				D081681829AF78ED00A67C1C /* NetworkError.swift */,
				D081681A29AF7E6800A67C1C /* JSONError.swift */,
				D08166C029A79DC400A67C1C /* RequestError.swift */,
			);
			path = Error;
			sourceTree = "<group>";
		};
		D081681C29AF827600A67C1C /* Subway */ = {
			isa = PBXGroup;
			children = (
				D081681D29AF82AF00A67C1C /* SubwayService.swift */,
				D08166BC29A79A7900A67C1C /* SubwayRouteSearch.swift */,
				D081237529C1E5C000CA5664 /* PublicTransitPoi.swift */,
				D08316EE29C36FA900E86676 /* RealtimeStationArrival.swift */,
				D08316F229C3736F00E86676 /* ServiceEnum.swift */,
			);
			path = Subway;
			sourceTree = "<group>";
		};
		D08316F429C6D60B00E86676 /* Map */ = {
			isa = PBXGroup;
			children = (
				D08316F529C6D65400E86676 /* MapViewController.swift */,
			);
			path = Map;
			sourceTree = "<group>";
		};
		D08316F829C6E38100E86676 /* SearchList */ = {
			isa = PBXGroup;
			children = (
				D08316F929C6E3B700E86676 /* SearchListViewController.swift */,
				D08316FB29C74AE400E86676 /* SearchListTableViewCell.swift */,
			);
			path = SearchList;
			sourceTree = "<group>";
		};
		D0FE2BF529B4CA31001C83F7 /* List */ = {
			isa = PBXGroup;
			children = (
				D0FE2BF629B4CA69001C83F7 /* ListViewController.swift */,
				D0FE2BF829B4CA73001C83F7 /* ListViewModel.swift */,
				D0FE2BFA29B4CADA001C83F7 /* ListTableViewCell.swift */,
			);
			path = List;
			sourceTree = "<group>";
		};
		D0FE2C1129B4CD1A001C83F7 /* Frameworks */ = {
			isa = PBXGroup;
			children = (
			);
			name = Frameworks;
			sourceTree = "<group>";
		};
		D0FE2C1B29B4EEC2001C83F7 /* Protocol */ = {
			isa = PBXGroup;
			children = (
				D0FE2C1929B4CE28001C83F7 /* Identifiable.swift */,
			);
			path = Protocol;
			sourceTree = "<group>";
		};
/* End PBXGroup section */

/* Begin PBXNativeTarget section */
		D081668829A77CA700A67C1C /* PublicTransportAlram */ = {
			isa = PBXNativeTarget;
			buildConfigurationList = D081669D29A77CA900A67C1C /* Build configuration list for PBXNativeTarget "PublicTransportAlram" */;
			buildPhases = (
				D081668529A77CA700A67C1C /* Sources */,
				D081668629A77CA700A67C1C /* Frameworks */,
				D081668729A77CA700A67C1C /* Resources */,
				D0FE2C1529B4CD1A001C83F7 /* Embed Frameworks */,
			);
			buildRules = (
			);
			dependencies = (
			);
			name = PublicTransportAlram;
			packageProductDependencies = (
				D0FE2C0129B4CB48001C83F7 /* RxCocoa */,
				D0FE2C0929B4CB48001C83F7 /* RxSwift */,
			);
			productName = PublicTransportAlram;
			productReference = D081668929A77CA700A67C1C /* PublicTransportAlram.app */;
			productType = "com.apple.product-type.application";
		};
		D08166C629A7A4C700A67C1C /* JSONParsingTests */ = {
			isa = PBXNativeTarget;
			buildConfigurationList = D08166CD29A7A4C700A67C1C /* Build configuration list for PBXNativeTarget "JSONParsingTests" */;
			buildPhases = (
				D08166C329A7A4C700A67C1C /* Sources */,
				D08166C429A7A4C700A67C1C /* Frameworks */,
				D08166C529A7A4C700A67C1C /* Resources */,
			);
			buildRules = (
			);
			dependencies = (
				D08166CC29A7A4C700A67C1C /* PBXTargetDependency */,
			);
			name = JSONParsingTests;
			packageProductDependencies = (
				D081233629C0DA5800CA5664 /* RxCocoa */,
				D081233829C0DA5800CA5664 /* RxSwift */,
			);
			productName = JSONParsingTests;
			productReference = D08166C729A7A4C700A67C1C /* JSONParsingTests.xctest */;
			productType = "com.apple.product-type.bundle.unit-test";
		};
/* End PBXNativeTarget section */

/* Begin PBXProject section */
		D081668129A77CA700A67C1C /* Project object */ = {
			isa = PBXProject;
			attributes = {
				BuildIndependentTargetsInParallel = 1;
				LastSwiftUpdateCheck = 1420;
				LastUpgradeCheck = 1420;
				TargetAttributes = {
					D081668829A77CA700A67C1C = {
						CreatedOnToolsVersion = 14.2;
					};
					D08166C629A7A4C700A67C1C = {
						CreatedOnToolsVersion = 14.2;
						TestTargetID = D081668829A77CA700A67C1C;
					};
				};
			};
			buildConfigurationList = D081668429A77CA700A67C1C /* Build configuration list for PBXProject "PublicTransportAlram" */;
			compatibilityVersion = "Xcode 14.0";
			developmentRegion = en;
			hasScannedForEncodings = 0;
			knownRegions = (
				en,
				Base,
			);
			mainGroup = D081668029A77CA700A67C1C;
			packageReferences = (
				D0FE2BFC29B4CB48001C83F7 /* XCRemoteSwiftPackageReference "RxSwift" */,
			);
			productRefGroup = D081668A29A77CA700A67C1C /* Products */;
			projectDirPath = "";
			projectRoot = "";
			targets = (
				D081668829A77CA700A67C1C /* PublicTransportAlram */,
				D08166C629A7A4C700A67C1C /* JSONParsingTests */,
			);
		};
/* End PBXProject section */

/* Begin PBXResourcesBuildPhase section */
		D081668729A77CA700A67C1C /* Resources */ = {
			isa = PBXResourcesBuildPhase;
			buildActionMask = 2147483647;
			files = (
				D081669929A77CA900A67C1C /* LaunchScreen.storyboard in Resources */,
				D081669629A77CA900A67C1C /* Assets.xcassets in Resources */,
			);
			runOnlyForDeploymentPostprocessing = 0;
		};
		D08166C529A7A4C700A67C1C /* Resources */ = {
			isa = PBXResourcesBuildPhase;
			buildActionMask = 2147483647;
			files = (
			);
			runOnlyForDeploymentPostprocessing = 0;
		};
/* End PBXResourcesBuildPhase section */

/* Begin PBXSourcesBuildPhase section */
		D081668529A77CA700A67C1C /* Sources */ = {
			isa = PBXSourcesBuildPhase;
			buildActionMask = 2147483647;
			files = (
				D081669129A77CA700A67C1C /* SubwayViewController.swift in Sources */,
				D081237629C1E5C000CA5664 /* PublicTransitPoi.swift in Sources */,
				D081668D29A77CA700A67C1C /* AppDelegate.swift in Sources */,
				D08316FC29C74AE400E86676 /* SearchListTableViewCell.swift in Sources */,
				D08166AD29A78BF300A67C1C /* CustomTabBarController.swift in Sources */,
				D08166B929A7973400A67C1C /* HTTPMethod.swift in Sources */,
				D08316F329C3736F00E86676 /* ServiceEnum.swift in Sources */,
				D0FE2C1A29B4CE28001C83F7 /* Identifiable.swift in Sources */,
				D08166D229A7A66F00A67C1C /* JSONDecoder +.swift in Sources */,
				D08166B329A78E7B00A67C1C /* BusViewModel.swift in Sources */,
				D08316EF29C36FA900E86676 /* RealtimeStationArrival.swift in Sources */,
				D08166B529A793C600A67C1C /* NetworkManager.swift in Sources */,
				D081668F29A77CA700A67C1C /* SceneDelegate.swift in Sources */,
				D08166BB29A7978C00A67C1C /* Request.swift in Sources */,
				D0FE2BFB29B4CADA001C83F7 /* ListTableViewCell.swift in Sources */,
				D081681929AF78ED00A67C1C /* NetworkError.swift in Sources */,
				D08166BD29A79A7900A67C1C /* SubwayRouteSearch.swift in Sources */,
				D08166C129A79DC400A67C1C /* RequestError.swift in Sources */,
				D08166A929A78A3100A67C1C /* SubwayViewModel.swift in Sources */,
				D08166BF29A79B0D00A67C1C /* SubwayRouteSearchDTO.swift in Sources */,
				D0FE2BF929B4CA73001C83F7 /* ListViewModel.swift in Sources */,
				D08316F129C370A400E86676 /* RealTimeStationArrivalDTO.swift in Sources */,
				D0FE2BF729B4CA69001C83F7 /* ListViewController.swift in Sources */,
				D081681B29AF7E6800A67C1C /* JSONError.swift in Sources */,
				D081681E29AF82AF00A67C1C /* SubwayService.swift in Sources */,
				D08166B129A78E7100A67C1C /* BusViewController.swift in Sources */,
				D081237829C1EB3300CA5664 /* PublicTransitPoiDTO.swift in Sources */,
				D08122BA29B88DFD00CA5664 /* StationInfo.swift in Sources */,
				D08316F629C6D65400E86676 /* MapViewController.swift in Sources */,
				D08316FA29C6E3B700E86676 /* SearchListViewController.swift in Sources */,
			);
			runOnlyForDeploymentPostprocessing = 0;
		};
		D08166C329A7A4C700A67C1C /* Sources */ = {
			isa = PBXSourcesBuildPhase;
			buildActionMask = 2147483647;
			files = (
				D08166CA29A7A4C700A67C1C /* JSONParsingTests.swift in Sources */,
			);
			runOnlyForDeploymentPostprocessing = 0;
		};
/* End PBXSourcesBuildPhase section */

/* Begin PBXTargetDependency section */
		D08166CC29A7A4C700A67C1C /* PBXTargetDependency */ = {
			isa = PBXTargetDependency;
			target = D081668829A77CA700A67C1C /* PublicTransportAlram */;
			targetProxy = D08166CB29A7A4C700A67C1C /* PBXContainerItemProxy */;
		};
/* End PBXTargetDependency section */

/* Begin PBXVariantGroup section */
		D081669729A77CA900A67C1C /* LaunchScreen.storyboard */ = {
			isa = PBXVariantGroup;
			children = (
				D081669829A77CA900A67C1C /* Base */,
			);
			name = LaunchScreen.storyboard;
			sourceTree = "<group>";
		};
/* End PBXVariantGroup section */

/* Begin XCBuildConfiguration section */
		D081669B29A77CA900A67C1C /* Debug */ = {
			isa = XCBuildConfiguration;
			buildSettings = {
				ALWAYS_SEARCH_USER_PATHS = NO;
				CLANG_ANALYZER_NONNULL = YES;
				CLANG_ANALYZER_NUMBER_OBJECT_CONVERSION = YES_AGGRESSIVE;
				CLANG_CXX_LANGUAGE_STANDARD = "gnu++20";
				CLANG_ENABLE_MODULES = YES;
				CLANG_ENABLE_OBJC_ARC = YES;
				CLANG_ENABLE_OBJC_WEAK = YES;
				CLANG_WARN_BLOCK_CAPTURE_AUTORELEASING = YES;
				CLANG_WARN_BOOL_CONVERSION = YES;
				CLANG_WARN_COMMA = YES;
				CLANG_WARN_CONSTANT_CONVERSION = YES;
				CLANG_WARN_DEPRECATED_OBJC_IMPLEMENTATIONS = YES;
				CLANG_WARN_DIRECT_OBJC_ISA_USAGE = YES_ERROR;
				CLANG_WARN_DOCUMENTATION_COMMENTS = YES;
				CLANG_WARN_EMPTY_BODY = YES;
				CLANG_WARN_ENUM_CONVERSION = YES;
				CLANG_WARN_INFINITE_RECURSION = YES;
				CLANG_WARN_INT_CONVERSION = YES;
				CLANG_WARN_NON_LITERAL_NULL_CONVERSION = YES;
				CLANG_WARN_OBJC_IMPLICIT_RETAIN_SELF = YES;
				CLANG_WARN_OBJC_LITERAL_CONVERSION = YES;
				CLANG_WARN_OBJC_ROOT_CLASS = YES_ERROR;
				CLANG_WARN_QUOTED_INCLUDE_IN_FRAMEWORK_HEADER = YES;
				CLANG_WARN_RANGE_LOOP_ANALYSIS = YES;
				CLANG_WARN_STRICT_PROTOTYPES = YES;
				CLANG_WARN_SUSPICIOUS_MOVE = YES;
				CLANG_WARN_UNGUARDED_AVAILABILITY = YES_AGGRESSIVE;
				CLANG_WARN_UNREACHABLE_CODE = YES;
				CLANG_WARN__DUPLICATE_METHOD_MATCH = YES;
				COPY_PHASE_STRIP = NO;
				DEBUG_INFORMATION_FORMAT = dwarf;
				ENABLE_STRICT_OBJC_MSGSEND = YES;
				ENABLE_TESTABILITY = YES;
				GCC_C_LANGUAGE_STANDARD = gnu11;
				GCC_DYNAMIC_NO_PIC = NO;
				GCC_NO_COMMON_BLOCKS = YES;
				GCC_OPTIMIZATION_LEVEL = 0;
				GCC_PREPROCESSOR_DEFINITIONS = (
					"DEBUG=1",
					"$(inherited)",
				);
				GCC_WARN_64_TO_32_BIT_CONVERSION = YES;
				GCC_WARN_ABOUT_RETURN_TYPE = YES_ERROR;
				GCC_WARN_UNDECLARED_SELECTOR = YES;
				GCC_WARN_UNINITIALIZED_AUTOS = YES_AGGRESSIVE;
				GCC_WARN_UNUSED_FUNCTION = YES;
				GCC_WARN_UNUSED_VARIABLE = YES;
				IPHONEOS_DEPLOYMENT_TARGET = 16.2;
				MTL_ENABLE_DEBUG_INFO = INCLUDE_SOURCE;
				MTL_FAST_MATH = YES;
				ONLY_ACTIVE_ARCH = YES;
				SDKROOT = iphoneos;
				SWIFT_ACTIVE_COMPILATION_CONDITIONS = DEBUG;
				SWIFT_OPTIMIZATION_LEVEL = "-Onone";
			};
			name = Debug;
		};
		D081669C29A77CA900A67C1C /* Release */ = {
			isa = XCBuildConfiguration;
			buildSettings = {
				ALWAYS_SEARCH_USER_PATHS = NO;
				CLANG_ANALYZER_NONNULL = YES;
				CLANG_ANALYZER_NUMBER_OBJECT_CONVERSION = YES_AGGRESSIVE;
				CLANG_CXX_LANGUAGE_STANDARD = "gnu++20";
				CLANG_ENABLE_MODULES = YES;
				CLANG_ENABLE_OBJC_ARC = YES;
				CLANG_ENABLE_OBJC_WEAK = YES;
				CLANG_WARN_BLOCK_CAPTURE_AUTORELEASING = YES;
				CLANG_WARN_BOOL_CONVERSION = YES;
				CLANG_WARN_COMMA = YES;
				CLANG_WARN_CONSTANT_CONVERSION = YES;
				CLANG_WARN_DEPRECATED_OBJC_IMPLEMENTATIONS = YES;
				CLANG_WARN_DIRECT_OBJC_ISA_USAGE = YES_ERROR;
				CLANG_WARN_DOCUMENTATION_COMMENTS = YES;
				CLANG_WARN_EMPTY_BODY = YES;
				CLANG_WARN_ENUM_CONVERSION = YES;
				CLANG_WARN_INFINITE_RECURSION = YES;
				CLANG_WARN_INT_CONVERSION = YES;
				CLANG_WARN_NON_LITERAL_NULL_CONVERSION = YES;
				CLANG_WARN_OBJC_IMPLICIT_RETAIN_SELF = YES;
				CLANG_WARN_OBJC_LITERAL_CONVERSION = YES;
				CLANG_WARN_OBJC_ROOT_CLASS = YES_ERROR;
				CLANG_WARN_QUOTED_INCLUDE_IN_FRAMEWORK_HEADER = YES;
				CLANG_WARN_RANGE_LOOP_ANALYSIS = YES;
				CLANG_WARN_STRICT_PROTOTYPES = YES;
				CLANG_WARN_SUSPICIOUS_MOVE = YES;
				CLANG_WARN_UNGUARDED_AVAILABILITY = YES_AGGRESSIVE;
				CLANG_WARN_UNREACHABLE_CODE = YES;
				CLANG_WARN__DUPLICATE_METHOD_MATCH = YES;
				COPY_PHASE_STRIP = NO;
				DEBUG_INFORMATION_FORMAT = "dwarf-with-dsym";
				ENABLE_NS_ASSERTIONS = NO;
				ENABLE_STRICT_OBJC_MSGSEND = YES;
				GCC_C_LANGUAGE_STANDARD = gnu11;
				GCC_NO_COMMON_BLOCKS = YES;
				GCC_WARN_64_TO_32_BIT_CONVERSION = YES;
				GCC_WARN_ABOUT_RETURN_TYPE = YES_ERROR;
				GCC_WARN_UNDECLARED_SELECTOR = YES;
				GCC_WARN_UNINITIALIZED_AUTOS = YES_AGGRESSIVE;
				GCC_WARN_UNUSED_FUNCTION = YES;
				GCC_WARN_UNUSED_VARIABLE = YES;
				IPHONEOS_DEPLOYMENT_TARGET = 16.2;
				MTL_ENABLE_DEBUG_INFO = NO;
				MTL_FAST_MATH = YES;
				SDKROOT = iphoneos;
				SWIFT_COMPILATION_MODE = wholemodule;
				SWIFT_OPTIMIZATION_LEVEL = "-O";
				VALIDATE_PRODUCT = YES;
			};
			name = Release;
		};
		D081669E29A77CA900A67C1C /* Debug */ = {
			isa = XCBuildConfiguration;
			buildSettings = {
				ASSETCATALOG_COMPILER_APPICON_NAME = AppIcon;
				ASSETCATALOG_COMPILER_GLOBAL_ACCENT_COLOR_NAME = AccentColor;
				CODE_SIGN_STYLE = Automatic;
				CURRENT_PROJECT_VERSION = 1;
				DEVELOPMENT_TEAM = D5VN784N4W;
				GENERATE_INFOPLIST_FILE = YES;
				INFOPLIST_FILE = PublicTransportAlram/Info.plist;
				INFOPLIST_KEY_UIApplicationSupportsIndirectInputEvents = YES;
				INFOPLIST_KEY_UILaunchStoryboardName = LaunchScreen;
				INFOPLIST_KEY_UISupportedInterfaceOrientations_iPad = "UIInterfaceOrientationPortrait UIInterfaceOrientationPortraitUpsideDown UIInterfaceOrientationLandscapeLeft UIInterfaceOrientationLandscapeRight";
				INFOPLIST_KEY_UISupportedInterfaceOrientations_iPhone = "UIInterfaceOrientationPortrait UIInterfaceOrientationLandscapeLeft UIInterfaceOrientationLandscapeRight";
				IPHONEOS_DEPLOYMENT_TARGET = 15.0;
				LD_RUNPATH_SEARCH_PATHS = (
					"$(inherited)",
					"@executable_path/Frameworks",
				);
				MARKETING_VERSION = 1.0;
				PRODUCT_BUNDLE_IDENTIFIER = Drageun.PublicTransportAlram;
				PRODUCT_NAME = "$(TARGET_NAME)";
				SWIFT_EMIT_LOC_STRINGS = YES;
				SWIFT_VERSION = 5.0;
				TARGETED_DEVICE_FAMILY = "1,2";
			};
			name = Debug;
		};
		D081669F29A77CA900A67C1C /* Release */ = {
			isa = XCBuildConfiguration;
			buildSettings = {
				ASSETCATALOG_COMPILER_APPICON_NAME = AppIcon;
				ASSETCATALOG_COMPILER_GLOBAL_ACCENT_COLOR_NAME = AccentColor;
				CODE_SIGN_STYLE = Automatic;
				CURRENT_PROJECT_VERSION = 1;
				DEVELOPMENT_TEAM = D5VN784N4W;
				GENERATE_INFOPLIST_FILE = YES;
				INFOPLIST_FILE = PublicTransportAlram/Info.plist;
				INFOPLIST_KEY_UIApplicationSupportsIndirectInputEvents = YES;
				INFOPLIST_KEY_UILaunchStoryboardName = LaunchScreen;
				INFOPLIST_KEY_UISupportedInterfaceOrientations_iPad = "UIInterfaceOrientationPortrait UIInterfaceOrientationPortraitUpsideDown UIInterfaceOrientationLandscapeLeft UIInterfaceOrientationLandscapeRight";
				INFOPLIST_KEY_UISupportedInterfaceOrientations_iPhone = "UIInterfaceOrientationPortrait UIInterfaceOrientationLandscapeLeft UIInterfaceOrientationLandscapeRight";
				IPHONEOS_DEPLOYMENT_TARGET = 15.0;
				LD_RUNPATH_SEARCH_PATHS = (
					"$(inherited)",
					"@executable_path/Frameworks",
				);
				MARKETING_VERSION = 1.0;
				PRODUCT_BUNDLE_IDENTIFIER = Drageun.PublicTransportAlram;
				PRODUCT_NAME = "$(TARGET_NAME)";
				SWIFT_EMIT_LOC_STRINGS = YES;
				SWIFT_VERSION = 5.0;
				TARGETED_DEVICE_FAMILY = "1,2";
			};
			name = Release;
		};
		D08166CE29A7A4C700A67C1C /* Debug */ = {
			isa = XCBuildConfiguration;
			buildSettings = {
				BUNDLE_LOADER = "$(TEST_HOST)";
				CODE_SIGN_STYLE = Automatic;
				CURRENT_PROJECT_VERSION = 1;
				DEVELOPMENT_TEAM = D5VN784N4W;
				GENERATE_INFOPLIST_FILE = YES;
				IPHONEOS_DEPLOYMENT_TARGET = 16.2;
				MACOSX_DEPLOYMENT_TARGET = 13.1;
				MARKETING_VERSION = 1.0;
				PRODUCT_BUNDLE_IDENTIFIER = Drageun.JSONParsingTests;
				PRODUCT_NAME = "$(TARGET_NAME)";
				SDKROOT = auto;
				SUPPORTED_PLATFORMS = "iphoneos iphonesimulator macosx";
				SWIFT_EMIT_LOC_STRINGS = NO;
				SWIFT_VERSION = 5.0;
				TARGETED_DEVICE_FAMILY = "1,2";
				TEST_HOST = "$(BUILT_PRODUCTS_DIR)/PublicTransportAlram.app/$(BUNDLE_EXECUTABLE_FOLDER_PATH)/PublicTransportAlram";
			};
			name = Debug;
		};
		D08166CF29A7A4C700A67C1C /* Release */ = {
			isa = XCBuildConfiguration;
			buildSettings = {
				BUNDLE_LOADER = "$(TEST_HOST)";
				CODE_SIGN_STYLE = Automatic;
				CURRENT_PROJECT_VERSION = 1;
				DEVELOPMENT_TEAM = D5VN784N4W;
				GENERATE_INFOPLIST_FILE = YES;
				IPHONEOS_DEPLOYMENT_TARGET = 16.2;
				MACOSX_DEPLOYMENT_TARGET = 13.1;
				MARKETING_VERSION = 1.0;
				PRODUCT_BUNDLE_IDENTIFIER = Drageun.JSONParsingTests;
				PRODUCT_NAME = "$(TARGET_NAME)";
				SDKROOT = auto;
				SUPPORTED_PLATFORMS = "iphoneos iphonesimulator macosx";
				SWIFT_EMIT_LOC_STRINGS = NO;
				SWIFT_VERSION = 5.0;
				TARGETED_DEVICE_FAMILY = "1,2";
				TEST_HOST = "$(BUILT_PRODUCTS_DIR)/PublicTransportAlram.app/$(BUNDLE_EXECUTABLE_FOLDER_PATH)/PublicTransportAlram";
			};
			name = Release;
		};
/* End XCBuildConfiguration section */

/* Begin XCConfigurationList section */
		D081668429A77CA700A67C1C /* Build configuration list for PBXProject "PublicTransportAlram" */ = {
			isa = XCConfigurationList;
			buildConfigurations = (
				D081669B29A77CA900A67C1C /* Debug */,
				D081669C29A77CA900A67C1C /* Release */,
			);
			defaultConfigurationIsVisible = 0;
			defaultConfigurationName = Release;
		};
		D081669D29A77CA900A67C1C /* Build configuration list for PBXNativeTarget "PublicTransportAlram" */ = {
			isa = XCConfigurationList;
			buildConfigurations = (
				D081669E29A77CA900A67C1C /* Debug */,
				D081669F29A77CA900A67C1C /* Release */,
			);
			defaultConfigurationIsVisible = 0;
			defaultConfigurationName = Release;
		};
		D08166CD29A7A4C700A67C1C /* Build configuration list for PBXNativeTarget "JSONParsingTests" */ = {
			isa = XCConfigurationList;
			buildConfigurations = (
				D08166CE29A7A4C700A67C1C /* Debug */,
				D08166CF29A7A4C700A67C1C /* Release */,
			);
			defaultConfigurationIsVisible = 0;
			defaultConfigurationName = Release;
		};
/* End XCConfigurationList section */

/* Begin XCRemoteSwiftPackageReference section */
		D0FE2BFC29B4CB48001C83F7 /* XCRemoteSwiftPackageReference "RxSwift" */ = {
			isa = XCRemoteSwiftPackageReference;
			repositoryURL = "https://github.com/ReactiveX/RxSwift.git";
			requirement = {
				branch = main;
				kind = branch;
			};
		};
/* End XCRemoteSwiftPackageReference section */

/* Begin XCSwiftPackageProductDependency section */
		D081233629C0DA5800CA5664 /* RxCocoa */ = {
			isa = XCSwiftPackageProductDependency;
			package = D0FE2BFC29B4CB48001C83F7 /* XCRemoteSwiftPackageReference "RxSwift" */;
			productName = RxCocoa;
		};
		D081233829C0DA5800CA5664 /* RxSwift */ = {
			isa = XCSwiftPackageProductDependency;
			package = D0FE2BFC29B4CB48001C83F7 /* XCRemoteSwiftPackageReference "RxSwift" */;
			productName = RxSwift;
		};
		D0FE2C0129B4CB48001C83F7 /* RxCocoa */ = {
			isa = XCSwiftPackageProductDependency;
			package = D0FE2BFC29B4CB48001C83F7 /* XCRemoteSwiftPackageReference "RxSwift" */;
			productName = RxCocoa;
		};
		D0FE2C0929B4CB48001C83F7 /* RxSwift */ = {
			isa = XCSwiftPackageProductDependency;
			package = D0FE2BFC29B4CB48001C83F7 /* XCRemoteSwiftPackageReference "RxSwift" */;
			productName = RxSwift;
		};
/* End XCSwiftPackageProductDependency section */
	};
	rootObject = D081668129A77CA700A67C1C /* Project object */;
}
