{
  "pins" : [
    {
      "identity" : "nmapsmap-spm",
      "kind" : "remoteSourceControl",
      "location" : "https://github.com/jaemyeong/NMapsMap-SPM.git",
      "state" : {
        "revision" : "f9850a18d73f9438c622e308623b77709e3cd00a",
        "version" : "3.16.2"
      }
    },
    {
      "identity" : "rxswift",
      "kind" : "remoteSourceControl",
      "location" : "https://github.com/ReactiveX/RxSwift.git",
      "state" : {
        "branch" : "main",
        "revision" : "91a36920b1ec069004fef9dc41b7c5dbcaa5fffe"
      }
    }
  ],
  "version" : 2
}
